Microsoft Visual Studio Solution File, Format Version 11.00
# Visual Studio 2008

Project("{FEADCD3E-C4B4-F93A-B23B-5D6F71F97DDA}") = "Genocide-Zombie", "Assembly-CSharp.csproj", "{17455B86-E12D-C9E7-288D-F4C954A4168E}"
EndProject
Global
	GlobalSection(SolutionConfigurationPlatforms) = preSolution
		Debug|Any CPU = Debug|Any CPU
		Release|Any CPU = Release|Any CPU
	EndGlobalSection
	GlobalSection(ProjectConfigurationPlatforms) = postSolution
		{17455B86-E12D-C9E7-288D-F4C954A4168E}.Debug|Any CPU.ActiveCfg = Debug|Any CPU
		{17455B86-E12D-C9E7-288D-F4C954A4168E}.Debug|Any CPU.Build.0 = Debug|Any CPU
		{17455B86-E12D-C9E7-288D-F4C954A4168E}.Release|Any CPU.ActiveCfg = Release|Any CPU
		{17455B86-E12D-C9E7-288D-F4C954A4168E}.Release|Any CPU.Build.0 = Release|Any CPU
	EndGlobalSection
	GlobalSection(SolutionProperties) = preSolution
		HideSolutionNode = FALSE
	EndGlobalSection
	GlobalSection(MonoDevelopProperties) = preSolution
		StartupItem = Assembly-CSharp.csproj
	EndGlobalSection
EndGlobal
